
Microsoft Visual Studio Solution File, Format Version 12.00
# Visual Studio Version 16
VisualStudioVersion = 16.0.30011.22
MinimumVisualStudioVersion = 10.0.40219.1
Project("{FAE04EC0-301F-11D3-BF4B-00C04F79EFBC}") = "SimpleXmlAutoUpdater", "SimpleXmlAutoUpdater\SimpleXmlAutoUpdater.csproj", "{9C112C53-2A40-46D1-A5C4-4696634DF6DA}"
EndProject
Global
	GlobalSection(SolutionConfigurationPlatforms) = preSolution
		Debug|Any CPU = Debug|Any CPU
		Release|Any CPU = Release|Any CPU
	EndGlobalSection
	GlobalSection(ProjectConfigurationPlatforms) = postSolution
		{9C112C53-2A40-46D1-A5C4-4696634DF6DA}.Debug|Any CPU.ActiveCfg = Debug|Any CPU
		{9C112C53-2A40-46D1-A5C4-4696634DF6DA}.Debug|Any CPU.Build.0 = Debug|Any CPU
		{9C112C53-2A40-46D1-A5C4-4696634DF6DA}.Release|Any CPU.ActiveCfg = Release|Any CPU
		{9C112C53-2A40-46D1-A5C4-4696634DF6DA}.Release|Any CPU.Build.0 = Release|Any CPU
	EndGlobalSection
	GlobalSection(SolutionProperties) = preSolution
		HideSolutionNode = FALSE
	EndGlobalSection
	GlobalSection(ExtensibilityGlobals) = postSolution
		SolutionGuid = {33933FC1-1B09-4F74-A949-4C86E855025D}
	EndGlobalSection
EndGlobal
